# THIS IS AN AUTOGENERATED FILE. DO NOT EDIT THIS FILE DIRECTLY.
# yarn lockfile v1


"@types/node-pdftk@^2.1.4":
  version "2.1.4"
  resolved "https://registry.yarnpkg.com/@types/node-pdftk/-/node-pdftk-2.1.4.tgz#e2255cf4781ea27e00c39d4ca4e6dc04de8e767a"
  integrity sha512-xmkqHXk/4YuKDkPaBoexVp4Bq1affb2g4BgZQ09ITi+6Cnbs4P93MiVCiN2JqTyLxeROPTybg91CtFKVAly0lQ==
  dependencies:
    "@types/node" "*"

"@types/node@*":
  version "14.14.28"
  resolved "https://registry.yarnpkg.com/@types/node/-/node-14.14.28.tgz#cade4b64f8438f588951a6b35843ce536853f25b"
  integrity sha512-lg55ArB+ZiHHbBBttLpzD07akz0QPrZgUODNakeC09i62dnrywr9mFErHuaPlB6I7z+sEbK+IYmplahvplCj2g==

inherits@2.0.3:
  version "2.0.3"
  resolved "https://registry.yarnpkg.com/inherits/-/inherits-2.0.3.tgz#633c2c83e3da42a502f52466022480f4208261de"
  integrity sha1-Yzwsg+PaQqUC9SRmAiSA9CCCYd4=

node-pdftk@^2.1.3:
  version "2.1.3"
  resolved "https://registry.yarnpkg.com/node-pdftk/-/node-pdftk-2.1.3.tgz#c8c19956792b0dc3d02e5e041132c4d672017310"
  integrity sha512-Wbu3/OflWyP9fWgbx61+QPcG0ufqRCNYjMCxNGU1aZNK44ynuRJ8U0piy/6gUKp+TYhmUAVY2ZvM1LlQkJJC9A==

path@^0.12.7:
  version "0.12.7"
  resolved "https://registry.yarnpkg.com/path/-/path-0.12.7.tgz#d4dc2a506c4ce2197eb481ebfcd5b36c0140b10f"
  integrity sha1-1NwqUGxM4hl+tIHr/NWzbAFAsQ8=
  dependencies:
    process "^0.11.1"
    util "^0.10.3"

process@^0.11.1:
  version "0.11.10"
  resolved "https://registry.yarnpkg.com/process/-/process-0.11.10.tgz#7332300e840161bda3e69a1d1d91a7d4bc16f182"
  integrity sha1-czIwDoQBYb2j5podHZGn1LwW8YI=

util@^0.10.3:
  version "0.10.4"
  resolved "https://registry.yarnpkg.com/util/-/util-0.10.4.tgz#3aa0125bfe668a4672de58857d3ace27ecb76901"
  integrity sha512-0Pm9hTQ3se5ll1XihRic3FDIku70C+iHUdT/W926rSgHV5QgXsYbKZN8MSC3tJtSkhuROzvsQjAaFENRXr+19A==
  dependencies:
    inherits "2.0.3"
